
Microsoft Visual Studio Solution File, Format Version 12.00
# Visual Studio Version 17
VisualStudioVersion = 17.14.37314.3 d17.14
MinimumVisualStudioVersion = 10.0.40219.1
Project("{FAE04EC0-301F-11D3-BF4B-00C04F79EFBC}") = "PersonnnelTrackingSystem", "PersonnnelTrackingSystem\PersonnnelTrackingSystem.csproj", "{E23BAB1D-0804-4BF7-88A8-C4F3941D2DF1}"
EndProject
Project("{FAE04EC0-301F-11D3-BF4B-00C04F79EFBC}") = "PersonnelTracking.BLL", "PersonnelTracking.BLL\PersonnelTracking.BLL.csproj", "{AD6AF2D9-0F0C-4870-B28E-93E532CA701B}"
EndProject
Project("{FAE04EC0-301F-11D3-BF4B-00C04F79EFBC}") = "PersonnelTracking.DAL", "PersonnelTracking.DAL\PersonnelTracking.DAL.csproj", "{DC12FE06-C204-4E5B-A0DF-4C709FD900E9}"
EndProject
Global
	GlobalSection(SolutionConfigurationPlatforms) = preSolution
		Debug|Any CPU = Debug|Any CPU
		Release|Any CPU = Release|Any CPU
	EndGlobalSection
	GlobalSection(ProjectConfigurationPlatforms) = postSolution
		{E23BAB1D-0804-4BF7-88A8-C4F3941D2DF1}.Debug|Any CPU.ActiveCfg = Debug|Any CPU
		{E23BAB1D-0804-4BF7-88A8-C4F3941D2DF1}.Debug|Any CPU.Build.0 = Debug|Any CPU
		{E23BAB1D-0804-4BF7-88A8-C4F3941D2DF1}.Release|Any CPU.ActiveCfg = Release|Any CPU
		{E23BAB1D-0804-4BF7-88A8-C4F3941D2DF1}.Release|Any CPU.Build.0 = Release|Any CPU
		{AD6AF2D9-0F0C-4870-B28E-93E532CA701B}.Debug|Any CPU.ActiveCfg = Debug|Any CPU
		{AD6AF2D9-0F0C-4870-B28E-93E532CA701B}.Debug|Any CPU.Build.0 = Debug|Any CPU
		{AD6AF2D9-0F0C-4870-B28E-93E532CA701B}.Release|Any CPU.ActiveCfg = Release|Any CPU
		{AD6AF2D9-0F0C-4870-B28E-93E532CA701B}.Release|Any CPU.Build.0 = Release|Any CPU
		{DC12FE06-C204-4E5B-A0DF-4C709FD900E9}.Debug|Any CPU.ActiveCfg = Debug|Any CPU
		{DC12FE06-C204-4E5B-A0DF-4C709FD900E9}.Debug|Any CPU.Build.0 = Debug|Any CPU
		{DC12FE06-C204-4E5B-A0DF-4C709FD900E9}.Release|Any CPU.ActiveCfg = Release|Any CPU
		{DC12FE06-C204-4E5B-A0DF-4C709FD900E9}.Release|Any CPU.Build.0 = Release|Any CPU
	EndGlobalSection
	GlobalSection(SolutionProperties) = preSolution
		HideSolutionNode = FALSE
	EndGlobalSection
	GlobalSection(ExtensibilityGlobals) = postSolution
		SolutionGuid = {8B8972C5-2019-41D6-85CD-307E03B2AAAC}
	EndGlobalSection
EndGlobal
